
Microsoft Visual Studio Solution File, Format Version 12.00
# Visual Studio Version 16
VisualStudioVersion = 16.0.30907.101
MinimumVisualStudioVersion = 10.0.40219.1
Project("{2150E333-8FDC-42A3-9474-1A3956D46DE8}") = ".nuget", ".nuget", "{9FC402ED-963F-4EC0-A5C0-38139473804E}"
	ProjectSection(SolutionItems) = preProject
		.nuget\NuGet.Config = .nuget\NuGet.Config
		.nuget\NuGet.exe = .nuget\NuGet.exe
		.nuget\NuGet.targets = .nuget\NuGet.targets
	EndProjectSection
EndProject
Project("{9A19103F-16F7-4668-BE54-9A1E7A4F7556}") = "AzureIndexer.Api", "AzureIndexer.Api\AzureIndexer.Api.csproj", "{88BBFD62-5762-443B-A8CC-4B9B6B5C2C1F}"
EndProject
Project("{9A19103F-16F7-4668-BE54-9A1E7A4F7556}") = "Stratis.Features.AzureIndexer", "..\AzureIndexer\Stratis.Features.AzureIndexer\Stratis.Features.AzureIndexer.csproj", "{E867139A-BB95-4784-AED3-D743AE9D20F2}"
EndProject
Global
	GlobalSection(SolutionConfigurationPlatforms) = preSolution
		Debug|Any CPU = Debug|Any CPU
		QA|Any CPU = QA|Any CPU
		QA-Testnet|Any CPU = QA-Testnet|Any CPU
		Release|Any CPU = Release|Any CPU
	EndGlobalSection
	GlobalSection(ProjectConfigurationPlatforms) = postSolution
		{88BBFD62-5762-443B-A8CC-4B9B6B5C2C1F}.Debug|Any CPU.ActiveCfg = Debug|Any CPU
		{88BBFD62-5762-443B-A8CC-4B9B6B5C2C1F}.Debug|Any CPU.Build.0 = Debug|Any CPU
		{88BBFD62-5762-443B-A8CC-4B9B6B5C2C1F}.QA|Any CPU.ActiveCfg = Debug|Any CPU
		{88BBFD62-5762-443B-A8CC-4B9B6B5C2C1F}.QA|Any CPU.Build.0 = Debug|Any CPU
		{88BBFD62-5762-443B-A8CC-4B9B6B5C2C1F}.QA-Testnet|Any CPU.ActiveCfg = Debug|Any CPU
		{88BBFD62-5762-443B-A8CC-4B9B6B5C2C1F}.QA-Testnet|Any CPU.Build.0 = Debug|Any CPU
		{88BBFD62-5762-443B-A8CC-4B9B6B5C2C1F}.Release|Any CPU.ActiveCfg = Release|Any CPU
		{88BBFD62-5762-443B-A8CC-4B9B6B5C2C1F}.Release|Any CPU.Build.0 = Release|Any CPU
		{E867139A-BB95-4784-AED3-D743AE9D20F2}.Debug|Any CPU.ActiveCfg = Debug|Any CPU
		{E867139A-BB95-4784-AED3-D743AE9D20F2}.Debug|Any CPU.Build.0 = Debug|Any CPU
		{E867139A-BB95-4784-AED3-D743AE9D20F2}.QA|Any CPU.ActiveCfg = Debug|Any CPU
		{E867139A-BB95-4784-AED3-D743AE9D20F2}.QA|Any CPU.Build.0 = Debug|Any CPU
		{E867139A-BB95-4784-AED3-D743AE9D20F2}.QA-Testnet|Any CPU.ActiveCfg = Debug|Any CPU
		{E867139A-BB95-4784-AED3-D743AE9D20F2}.QA-Testnet|Any CPU.Build.0 = Debug|Any CPU
		{E867139A-BB95-4784-AED3-D743AE9D20F2}.Release|Any CPU.ActiveCfg = Release|Any CPU
		{E867139A-BB95-4784-AED3-D743AE9D20F2}.Release|Any CPU.Build.0 = Release|Any CPU
	EndGlobalSection
	GlobalSection(SolutionProperties) = preSolution
		HideSolutionNode = FALSE
	EndGlobalSection
	GlobalSection(ExtensibilityGlobals) = postSolution
		SolutionGuid = {D05EC165-7252-44F9-86D4-544A1C55D482}
	EndGlobalSection
EndGlobal
